
Microsoft Visual Studio Solution File, Format Version 12.00
# Visual Studio Version 17
VisualStudioVersion = 17.6.33815.320
MinimumVisualStudioVersion = 10.0.40219.1
Project("{FAE04EC0-301F-11D3-BF4B-00C04F79EFBC}") = "ApiTemplate", "ApiTemplate\ApiTemplate.csproj", "{5BEA4BA7-9120-4E4C-A508-80F1EB48E270}"
EndProject
Global
	GlobalSection(SolutionConfigurationPlatforms) = preSolution
		Debug|Any CPU = Debug|Any CPU
		Release|Any CPU = Release|Any CPU
	EndGlobalSection
	GlobalSection(ProjectConfigurationPlatforms) = postSolution
		{5BEA4BA7-9120-4E4C-A508-80F1EB48E270}.Debug|Any CPU.ActiveCfg = Debug|Any CPU
		{5BEA4BA7-9120-4E4C-A508-80F1EB48E270}.Debug|Any CPU.Build.0 = Debug|Any CPU
		{5BEA4BA7-9120-4E4C-A508-80F1EB48E270}.Release|Any CPU.ActiveCfg = Release|Any CPU
		{5BEA4BA7-9120-4E4C-A508-80F1EB48E270}.Release|Any CPU.Build.0 = Release|Any CPU
	EndGlobalSection
	GlobalSection(SolutionProperties) = preSolution
		HideSolutionNode = FALSE
	EndGlobalSection
	GlobalSection(ExtensibilityGlobals) = postSolution
		SolutionGuid = {54A77634-283F-4F00-9834-F2B903F40F37}
	EndGlobalSection
EndGlobal
